// !$*UTF8*$!
{
	archiveVersion = 1;
	classes = {
	};
	objectVersion = 46;
	objects = {

/* Begin PBXBuildFile section */
		A4862EA41D47FDFD0074E651 /* main.cpp in Sources */ = {isa = PBXBuildFile; fileRef = A4862EA31D47FDFD0074E651 /* main.cpp */; };
		A4862EAC1D47FF8C0074E651 /* DataNode.cpp in Sources */ = {isa = PBXBuildFile; fileRef = A4862EAA1D47FF8C0074E651 /* DataNode.cpp */; };
		A4F809E21D49085F00B91B34 /* SummerArray.cpp in Sources */ = {isa = PBXBuildFile; fileRef = A4F809E01D49085F00B91B34 /* SummerArray.cpp */; };
		A4F809E51D491B1D00B91B34 /* NodeController.cpp in Sources */ = {isa = PBXBuildFile; fileRef = A4F809E31D491B1D00B91B34 /* NodeController.cpp */; };
/* End PBXBuildFile section */

/* Begin PBXCopyFilesBuildPhase section */
		A4862E9E1D47FDFD0074E651 /* CopyFiles */ = {
			isa = PBXCopyFilesBuildPhase;
			buildActionMask = 2147483647;
			dstPath = /usr/share/man/man1/;
			dstSubfolderSpec = 0;
			files = (
			);
			runOnlyForDeploymentPostprocessing = 1;
		};
/* End PBXCopyFilesBuildPhase section */

/* Begin PBXFileReference section */
		A4862EA01D47FDFD0074E651 /* nodeProject */ = {isa = PBXFileReference; explicitFileType = "compiled.mach-o.executable"; includeInIndex = 0; path = nodeProject; sourceTree = BUILT_PRODUCTS_DIR; };
		A4862EA31D47FDFD0074E651 /* main.cpp */ = {isa = PBXFileReference; lastKnownFileType = sourcecode.cpp.cpp; path = main.cpp; sourceTree = "<group>"; };
		A4862EAA1D47FF8C0074E651 /* DataNode.cpp */ = {isa = PBXFileReference; fileEncoding = 4; lastKnownFileType = sourcecode.cpp.cpp; name = DataNode.cpp; path = Model/DataNode.cpp; sourceTree = "<group>"; };
		A4862EAB1D47FF8C0074E651 /* DataNode.h */ = {isa = PBXFileReference; fileEncoding = 4; lastKnownFileType = sourcecode.c.h; name = DataNode.h; path = Model/DataNode.h; sourceTree = "<group>"; };
		A4F809E01D49085F00B91B34 /* SummerArray.cpp */ = {isa = PBXFileReference; fileEncoding = 4; lastKnownFileType = sourcecode.cpp.cpp; name = SummerArray.cpp; path = Model/SummerArray.cpp; sourceTree = "<group>"; };
		A4F809E11D49085F00B91B34 /* SummerArray.h */ = {isa = PBXFileReference; fileEncoding = 4; lastKnownFileType = sourcecode.c.h; name = SummerArray.h; path = Model/SummerArray.h; sourceTree = "<group>"; };
		A4F809E31D491B1D00B91B34 /* NodeController.cpp */ = {isa = PBXFileReference; fileEncoding = 4; lastKnownFileType = sourcecode.cpp.cpp; path = NodeController.cpp; sourceTree = "<group>"; };
		A4F809E41D491B1D00B91B34 /* NodeController.hpp */ = {isa = PBXFileReference; fileEncoding = 4; lastKnownFileType = sourcecode.cpp.h; path = NodeController.hpp; sourceTree = "<group>"; };
/* End PBXFileReference section */

/* Begin PBXFrameworksBuildPhase section */
		A4862E9D1D47FDFD0074E651 /* Frameworks */ = {
			isa = PBXFrameworksBuildPhase;
			buildActionMask = 2147483647;
			files = (
			);
			runOnlyForDeploymentPostprocessing = 0;
		};
/* End PBXFrameworksBuildPhase section */

/* Begin PBXGroup section */
		A4862E971D47FDFD0074E651 = {
			isa = PBXGroup;
			children = (
				A4862EA21D47FDFD0074E651 /* nodeProject */,
				A4862EA11D47FDFD0074E651 /* Products */,
			);
			sourceTree = "<group>";
		};
		A4862EA11D47FDFD0074E651 /* Products */ = {
			isa = PBXGroup;
			children = (
				A4862EA01D47FDFD0074E651 /* nodeProject */,
			);
			name = Products;
			sourceTree = "<group>";
		};
		A4862EA21D47FDFD0074E651 /* nodeProject */ = {
			isa = PBXGroup;
			children = (
				A4862EA31D47FDFD0074E651 /* main.cpp */,
				A4862EAD1D47FFBA0074E651 /* Model */,
				A4F809E61D491B2600B91B34 /* Controller */,
			);
			path = nodeProject;
			sourceTree = "<group>";
		};
		A4862EAD1D47FFBA0074E651 /* Model */ = {
			isa = PBXGroup;
			children = (
				A4862EAA1D47FF8C0074E651 /* DataNode.cpp */,
				A4862EAB1D47FF8C0074E651 /* DataNode.h */,
				A4F809E01D49085F00B91B34 /* SummerArray.cpp */,
				A4F809E11D49085F00B91B34 /* SummerArray.h */,
			);
			name = Model;
			sourceTree = "<group>";
		};
		A4F809E61D491B2600B91B34 /* Controller */ = {
			isa = PBXGroup;
			children = (
				A4F809E31D491B1D00B91B34 /* NodeController.cpp */,
				A4F809E41D491B1D00B91B34 /* NodeController.hpp */,
			);
			name = Controller;
			sourceTree = "<group>";
		};
/* End PBXGroup section */

/* Begin PBXNativeTarget section */
		A4862E9F1D47FDFD0074E651 /* nodeProject */ = {
			isa = PBXNativeTarget;
			buildConfigurationList = A4862EA71D47FDFD0074E651 /* Build configuration list for PBXNativeTarget "nodeProject" */;
			buildPhases = (
				A4862E9C1D47FDFD0074E651 /* Sources */,
				A4862E9D1D47FDFD0074E651 /* Frameworks */,
				A4862E9E1D47FDFD0074E651 /* CopyFiles */,
			);
			buildRules = (
			);
			dependencies = (
			);
			name = nodeProject;
			productName = nodeProject;
			productReference = A4862EA01D47FDFD0074E651 /* nodeProject */;
			productType = "com.apple.product-type.tool";
		};
/* End PBXNativeTarget section */

/* Begin PBXProject section */
		A4862E981D47FDFD0074E651 /* Project object */ = {
			isa = PBXProject;
			attributes = {
				LastUpgradeCheck = 0720;
				ORGANIZATIONNAME = CTEC;
				TargetAttributes = {
					A4862E9F1D47FDFD0074E651 = {
						CreatedOnToolsVersion = 7.2;
					};
				};
			};
			buildConfigurationList = A4862E9B1D47FDFD0074E651 /* Build configuration list for PBXProject "nodeProject" */;
			compatibilityVersion = "Xcode 3.2";
			developmentRegion = English;
			hasScannedForEncodings = 0;
			knownRegions = (
				en,
			);
			mainGroup = A4862E971D47FDFD0074E651;
			productRefGroup = A4862EA11D47FDFD0074E651 /* Products */;
			projectDirPath = "";
			projectRoot = "";
			targets = (
				A4862E9F1D47FDFD0074E651 /* nodeProject */,
			);
		};
/* End PBXProject section */

/* Begin PBXSourcesBuildPhase section */
		A4862E9C1D47FDFD0074E651 /* Sources */ = {
			isa = PBXSourcesBuildPhase;
			buildActionMask = 2147483647;
			files = (
				A4F809E21D49085F00B91B34 /* SummerArray.cpp in Sources */,
				A4F809E51D491B1D00B91B34 /* NodeController.cpp in Sources */,
				A4862EA41D47FDFD0074E651 /* main.cpp in Sources */,
				A4862EAC1D47FF8C0074E651 /* DataNode.cpp in Sources */,
			);
			runOnlyForDeploymentPostprocessing = 0;
		};
/* End PBXSourcesBuildPhase section */

/* Begin XCBuildConfiguration section */
		A4862EA51D47FDFD0074E651 /* Debug */ = {
			isa = XCBuildConfiguration;
			buildSettings = {
				ALWAYS_SEARCH_USER_PATHS = NO;
				CLANG_CXX_LANGUAGE_STANDARD = "gnu++0x";
				CLANG_CXX_LIBRARY = "libc++";
				CLANG_ENABLE_MODULES = YES;
				CLANG_ENABLE_OBJC_ARC = YES;
				CLANG_WARN_BOOL_CONVERSION = YES;
				CLANG_WARN_CONSTANT_CONVERSION = YES;
				CLANG_WARN_DIRECT_OBJC_ISA_USAGE = YES_ERROR;
				CLANG_WARN_EMPTY_BODY = YES;
				CLANG_WARN_ENUM_CONVERSION = YES;
				CLANG_WARN_INT_CONVERSION = YES;
				CLANG_WARN_OBJC_ROOT_CLASS = YES_ERROR;
				CLANG_WARN_UNREACHABLE_CODE = YES;
				CLANG_WARN__DUPLICATE_METHOD_MATCH = YES;
				CODE_SIGN_IDENTITY = "-";
				COPY_PHASE_STRIP = NO;
				DEBUG_INFORMATION_FORMAT = dwarf;
				ENABLE_STRICT_OBJC_MSGSEND = YES;
				ENABLE_TESTABILITY = YES;
				GCC_C_LANGUAGE_STANDARD = gnu99;
				GCC_DYNAMIC_NO_PIC = NO;
				GCC_NO_COMMON_BLOCKS = YES;
				GCC_OPTIMIZATION_LEVEL = 0;
				GCC_PREPROCESSOR_DEFINITIONS = (
					"DEBUG=1",
					"$(inherited)",
				);
				GCC_WARN_64_TO_32_BIT_CONVERSION = YES;
				GCC_WARN_ABOUT_RETURN_TYPE = YES_ERROR;
				GCC_WARN_UNDECLARED_SELECTOR = YES;
				GCC_WARN_UNINITIALIZED_AUTOS = YES_AGGRESSIVE;
				GCC_WARN_UNUSED_FUNCTION = YES;
				GCC_WARN_UNUSED_VARIABLE = YES;
				MACOSX_DEPLOYMENT_TARGET = 10.10;
				MTL_ENABLE_DEBUG_INFO = YES;
				ONLY_ACTIVE_ARCH = YES;
				SDKROOT = macosx;
			};
			name = Debug;
		};
		A4862EA61D47FDFD0074E651 /* Release */ = {
			isa = XCBuildConfiguration;
			buildSettings = {
				ALWAYS_SEARCH_USER_PATHS = NO;
				CLANG_CXX_LANGUAGE_STANDARD = "gnu++0x";
				CLANG_CXX_LIBRARY = "libc++";
				CLANG_ENABLE_MODULES = YES;
				CLANG_ENABLE_OBJC_ARC = YES;
				CLANG_WARN_BOOL_CONVERSION = YES;
				CLANG_WARN_CONSTANT_CONVERSION = YES;
				CLANG_WARN_DIRECT_OBJC_ISA_USAGE = YES_ERROR;
				CLANG_WARN_EMPTY_BODY = YES;
				CLANG_WARN_ENUM_CONVERSION = YES;
				CLANG_WARN_INT_CONVERSION = YES;
				CLANG_WARN_OBJC_ROOT_CLASS = YES_ERROR;
				CLANG_WARN_UNREACHABLE_CODE = YES;
				CLANG_WARN__DUPLICATE_METHOD_MATCH = YES;
				CODE_SIGN_IDENTITY = "-";
				COPY_PHASE_STRIP = NO;
				DEBUG_INFORMATION_FORMAT = "dwarf-with-dsym";
				ENABLE_NS_ASSERTIONS = NO;
				ENABLE_STRICT_OBJC_MSGSEND = YES;
				GCC_C_LANGUAGE_STANDARD = gnu99;
				GCC_NO_COMMON_BLOCKS = YES;
				GCC_WARN_64_TO_32_BIT_CONVERSION = YES;
				GCC_WARN_ABOUT_RETURN_TYPE = YES_ERROR;
				GCC_WARN_UNDECLARED_SELECTOR = YES;
				GCC_WARN_UNINITIALIZED_AUTOS = YES_AGGRESSIVE;
				GCC_WARN_UNUSED_FUNCTION = YES;
				GCC_WARN_UNUSED_VARIABLE = YES;
				MACOSX_DEPLOYMENT_TARGET = 10.10;
				MTL_ENABLE_DEBUG_INFO = NO;
				SDKROOT = macosx;
			};
			name = Release;
		};
		A4862EA81D47FDFD0074E651 /* Debug */ = {
			isa = XCBuildConfiguration;
			buildSettings = {
				PRODUCT_NAME = "$(TARGET_NAME)";
			};
			name = Debug;
		};
		A4862EA91D47FDFD0074E651 /* Release */ = {
			isa = XCBuildConfiguration;
			buildSettings = {
				PRODUCT_NAME = "$(TARGET_NAME)";
			};
			name = Release;
		};
/* End XCBuildConfiguration section */

/* Begin XCConfigurationList section */
		A4862E9B1D47FDFD0074E651 /* Build configuration list for PBXProject "nodeProject" */ = {
			isa = XCConfigurationList;
			buildConfigurations = (
				A4862EA51D47FDFD0074E651 /* Debug */,
				A4862EA61D47FDFD0074E651 /* Release */,
			);
			defaultConfigurationIsVisible = 0;
			defaultConfigurationName = Release;
		};
		A4862EA71D47FDFD0074E651 /* Build configuration list for PBXNativeTarget "nodeProject" */ = {
			isa = XCConfigurationList;
			buildConfigurations = (
				A4862EA81D47FDFD0074E651 /* Debug */,
				A4862EA91D47FDFD0074E651 /* Release */,
			);
			defaultConfigurationIsVisible = 0;
			defaultConfigurationName = Release;
		};
/* End XCConfigurationList section */
	};
	rootObject = A4862E981D47FDFD0074E651 /* Project object */;
}
